
Microsoft Visual Studio Solution File, Format Version 12.00
# Visual Studio Version 17
VisualStudioVersion = 17.9.34701.34
MinimumVisualStudioVersion = 10.0.40219.1
Project("{FAE04EC0-301F-11D3-BF4B-00C04F79EFBC}") = "OnlineSchool", "OnlineSchool.csproj", "{8EF78E2C-6F23-459A-94D7-9C7D1C071E30}"
EndProject
Global
	GlobalSection(SolutionConfigurationPlatforms) = preSolution
		Debug|Any CPU = Debug|Any CPU
		Release|Any CPU = Release|Any CPU
	EndGlobalSection
	GlobalSection(ProjectConfigurationPlatforms) = postSolution
		{8EF78E2C-6F23-459A-94D7-9C7D1C071E30}.Debug|Any CPU.ActiveCfg = Debug|Any CPU
		{8EF78E2C-6F23-459A-94D7-9C7D1C071E30}.Debug|Any CPU.Build.0 = Debug|Any CPU
		{8EF78E2C-6F23-459A-94D7-9C7D1C071E30}.Release|Any CPU.ActiveCfg = Release|Any CPU
		{8EF78E2C-6F23-459A-94D7-9C7D1C071E30}.Release|Any CPU.Build.0 = Release|Any CPU
	EndGlobalSection
	GlobalSection(SolutionProperties) = preSolution
		HideSolutionNode = FALSE
	EndGlobalSection
	GlobalSection(ExtensibilityGlobals) = postSolution
		SolutionGuid = {5E955308-6A52-4B5B-B8DC-090255983395}
	EndGlobalSection
EndGlobal
